// !$*UTF8*$!
{
	archiveVersion = 1;
	classes = {
	};
	objectVersion = 56;
	objects = {

/* Begin PBXBuildFile section */
		A31755F02AF6F08A000F1D9F /* AppDelegate.swift in Sources */ = {isa = PBXBuildFile; fileRef = A31755EF2AF6F08A000F1D9F /* AppDelegate.swift */; };
		A31755F22AF6F08A000F1D9F /* SceneDelegate.swift in Sources */ = {isa = PBXBuildFile; fileRef = A31755F12AF6F08A000F1D9F /* SceneDelegate.swift */; };
		A31755F42AF6F08A000F1D9F /* LoginViewController.swift in Sources */ = {isa = PBXBuildFile; fileRef = A31755F32AF6F08A000F1D9F /* LoginViewController.swift */; };
		A31755F72AF6F08A000F1D9F /* Main.storyboard in Resources */ = {isa = PBXBuildFile; fileRef = A31755F52AF6F08A000F1D9F /* Main.storyboard */; };
		A31755F92AF6F08C000F1D9F /* Assets.xcassets in Resources */ = {isa = PBXBuildFile; fileRef = A31755F82AF6F08C000F1D9F /* Assets.xcassets */; };
		A31755FC2AF6F08C000F1D9F /* LaunchScreen.storyboard in Resources */ = {isa = PBXBuildFile; fileRef = A31755FA2AF6F08C000F1D9F /* LaunchScreen.storyboard */; };
		A31756042AF76B25000F1D9F /* SurveyListViewController.swift in Sources */ = {isa = PBXBuildFile; fileRef = A31756032AF76B25000F1D9F /* SurveyListViewController.swift */; };
		A31756082AF85864000F1D9F /* Network.swift in Sources */ = {isa = PBXBuildFile; fileRef = A31756072AF85864000F1D9F /* Network.swift */; };
		A317560B2AF85D15000F1D9F /* LoginResponse.swift in Sources */ = {isa = PBXBuildFile; fileRef = A317560A2AF85D15000F1D9F /* LoginResponse.swift */; };
		A3C6696E2AF9F9CA00B0AFCB /* KeychainManager.swift in Sources */ = {isa = PBXBuildFile; fileRef = A3C6696D2AF9F9CA00B0AFCB /* KeychainManager.swift */; };
		A3C669712AFA0C5200B0AFCB /* SurveyListResponse.swift in Sources */ = {isa = PBXBuildFile; fileRef = A3C669702AFA0C5200B0AFCB /* SurveyListResponse.swift */; };
		A3CA598F2AFC7BA400681B00 /* SurveyPageView.swift in Sources */ = {isa = PBXBuildFile; fileRef = A3CA598E2AFC7BA400681B00 /* SurveyPageView.swift */; };
		A3CA59922AFCA0F700681B00 /* NeuzeitSLTStd-Book.otf in Resources */ = {isa = PBXBuildFile; fileRef = A3CA59912AFCA0F700681B00 /* NeuzeitSLTStd-Book.otf */; };
		A3CA59942AFCA32500681B00 /* NeuzeitSLTStd-BookHeavy.otf in Resources */ = {isa = PBXBuildFile; fileRef = A3CA59932AFCA32500681B00 /* NeuzeitSLTStd-BookHeavy.otf */; };
		A3F2FCD22AF86068000E875B /* Data+PrettyPrint.swift in Sources */ = {isa = PBXBuildFile; fileRef = A3F2FCD12AF86068000E875B /* Data+PrettyPrint.swift */; };
		A3F2FCD42AF866BA000E875B /* LoginRequest.swift in Sources */ = {isa = PBXBuildFile; fileRef = A3F2FCD32AF866BA000E875B /* LoginRequest.swift */; };
		A3F2FCD62AF86785000E875B /* DataResponseModel.swift in Sources */ = {isa = PBXBuildFile; fileRef = A3F2FCD52AF86785000E875B /* DataResponseModel.swift */; };
		A3F2FCD92AF876E2000E875B /* APINimbleService.swift in Sources */ = {isa = PBXBuildFile; fileRef = A3F2FCD82AF876E2000E875B /* APINimbleService.swift */; };
		A3F2FCDC2AF88988000E875B /* LoadingView.swift in Sources */ = {isa = PBXBuildFile; fileRef = A3F2FCDB2AF88988000E875B /* LoadingView.swift */; };
/* End PBXBuildFile section */

/* Begin PBXFileReference section */
		A31755EC2AF6F08A000F1D9F /* TestNimble.app */ = {isa = PBXFileReference; explicitFileType = wrapper.application; includeInIndex = 0; path = TestNimble.app; sourceTree = BUILT_PRODUCTS_DIR; };
		A31755EF2AF6F08A000F1D9F /* AppDelegate.swift */ = {isa = PBXFileReference; lastKnownFileType = sourcecode.swift; path = AppDelegate.swift; sourceTree = "<group>"; };
		A31755F12AF6F08A000F1D9F /* SceneDelegate.swift */ = {isa = PBXFileReference; lastKnownFileType = sourcecode.swift; path = SceneDelegate.swift; sourceTree = "<group>"; };
		A31755F32AF6F08A000F1D9F /* LoginViewController.swift */ = {isa = PBXFileReference; lastKnownFileType = sourcecode.swift; path = LoginViewController.swift; sourceTree = "<group>"; };
		A31755F62AF6F08A000F1D9F /* Base */ = {isa = PBXFileReference; lastKnownFileType = file.storyboard; name = Base; path = Base.lproj/Main.storyboard; sourceTree = "<group>"; };
		A31755F82AF6F08C000F1D9F /* Assets.xcassets */ = {isa = PBXFileReference; lastKnownFileType = folder.assetcatalog; path = Assets.xcassets; sourceTree = "<group>"; };
		A31755FB2AF6F08C000F1D9F /* Base */ = {isa = PBXFileReference; lastKnownFileType = file.storyboard; name = Base; path = Base.lproj/LaunchScreen.storyboard; sourceTree = "<group>"; };
		A31755FD2AF6F08C000F1D9F /* Info.plist */ = {isa = PBXFileReference; lastKnownFileType = text.plist.xml; path = Info.plist; sourceTree = "<group>"; };
		A31756032AF76B25000F1D9F /* SurveyListViewController.swift */ = {isa = PBXFileReference; lastKnownFileType = sourcecode.swift; path = SurveyListViewController.swift; sourceTree = "<group>"; };
		A31756072AF85864000F1D9F /* Network.swift */ = {isa = PBXFileReference; lastKnownFileType = sourcecode.swift; path = Network.swift; sourceTree = "<group>"; };
		A317560A2AF85D15000F1D9F /* LoginResponse.swift */ = {isa = PBXFileReference; lastKnownFileType = sourcecode.swift; path = LoginResponse.swift; sourceTree = "<group>"; };
		A3C6696D2AF9F9CA00B0AFCB /* KeychainManager.swift */ = {isa = PBXFileReference; lastKnownFileType = sourcecode.swift; path = KeychainManager.swift; sourceTree = "<group>"; };
		A3C669702AFA0C5200B0AFCB /* SurveyListResponse.swift */ = {isa = PBXFileReference; lastKnownFileType = sourcecode.swift; path = SurveyListResponse.swift; sourceTree = "<group>"; };
		A3CA598E2AFC7BA400681B00 /* SurveyPageView.swift */ = {isa = PBXFileReference; lastKnownFileType = sourcecode.swift; path = SurveyPageView.swift; sourceTree = "<group>"; };
		A3CA59912AFCA0F700681B00 /* NeuzeitSLTStd-Book.otf */ = {isa = PBXFileReference; lastKnownFileType = file; path = "NeuzeitSLTStd-Book.otf"; sourceTree = "<group>"; };
		A3CA59932AFCA32500681B00 /* NeuzeitSLTStd-BookHeavy.otf */ = {isa = PBXFileReference; lastKnownFileType = file; path = "NeuzeitSLTStd-BookHeavy.otf"; sourceTree = "<group>"; };
		A3F2FCD12AF86068000E875B /* Data+PrettyPrint.swift */ = {isa = PBXFileReference; lastKnownFileType = sourcecode.swift; path = "Data+PrettyPrint.swift"; sourceTree = "<group>"; };
		A3F2FCD32AF866BA000E875B /* LoginRequest.swift */ = {isa = PBXFileReference; lastKnownFileType = sourcecode.swift; path = LoginRequest.swift; sourceTree = "<group>"; };
		A3F2FCD52AF86785000E875B /* DataResponseModel.swift */ = {isa = PBXFileReference; lastKnownFileType = sourcecode.swift; path = DataResponseModel.swift; sourceTree = "<group>"; };
		A3F2FCD82AF876E2000E875B /* APINimbleService.swift */ = {isa = PBXFileReference; lastKnownFileType = sourcecode.swift; path = APINimbleService.swift; sourceTree = "<group>"; };
		A3F2FCDB2AF88988000E875B /* LoadingView.swift */ = {isa = PBXFileReference; lastKnownFileType = sourcecode.swift; path = LoadingView.swift; sourceTree = "<group>"; };
/* End PBXFileReference section */

/* Begin PBXFrameworksBuildPhase section */
		A31755E92AF6F08A000F1D9F /* Frameworks */ = {
			isa = PBXFrameworksBuildPhase;
			buildActionMask = 2147483647;
			files = (
			);
			runOnlyForDeploymentPostprocessing = 0;
		};
/* End PBXFrameworksBuildPhase section */

/* Begin PBXGroup section */
		A31755E32AF6F08A000F1D9F = {
			isa = PBXGroup;
			children = (
				A31755EE2AF6F08A000F1D9F /* TestNimble */,
				A31755ED2AF6F08A000F1D9F /* Products */,
			);
			sourceTree = "<group>";
		};
		A31755ED2AF6F08A000F1D9F /* Products */ = {
			isa = PBXGroup;
			children = (
				A31755EC2AF6F08A000F1D9F /* TestNimble.app */,
			);
			name = Products;
			sourceTree = "<group>";
		};
		A31755EE2AF6F08A000F1D9F /* TestNimble */ = {
			isa = PBXGroup;
			children = (
				A3CA59902AFCA0BC00681B00 /* Fonts */,
				A3C6696C2AF9F9B700B0AFCB /* Clases */,
				A3F2FCDA2AF88970000E875B /* Views */,
				A31755EF2AF6F08A000F1D9F /* AppDelegate.swift */,
				A31755F12AF6F08A000F1D9F /* SceneDelegate.swift */,
				A3F2FCD02AF86052000E875B /* Extensions */,
				A31756092AF85CFA000F1D9F /* Models */,
				A31756062AF85824000F1D9F /* Network */,
				A31756052AF76B2F000F1D9F /* ViewControllers */,
				A31755F52AF6F08A000F1D9F /* Main.storyboard */,
				A31755F82AF6F08C000F1D9F /* Assets.xcassets */,
				A31755FA2AF6F08C000F1D9F /* LaunchScreen.storyboard */,
				A31755FD2AF6F08C000F1D9F /* Info.plist */,
			);
			path = TestNimble;
			sourceTree = "<group>";
		};
		A31756052AF76B2F000F1D9F /* ViewControllers */ = {
			isa = PBXGroup;
			children = (
				A31755F32AF6F08A000F1D9F /* LoginViewController.swift */,
				A31756032AF76B25000F1D9F /* SurveyListViewController.swift */,
			);
			path = ViewControllers;
			sourceTree = "<group>";
		};
		A31756062AF85824000F1D9F /* Network */ = {
			isa = PBXGroup;
			children = (
				A31756072AF85864000F1D9F /* Network.swift */,
				A3F2FCD82AF876E2000E875B /* APINimbleService.swift */,
			);
			path = Network;
			sourceTree = "<group>";
		};
		A31756092AF85CFA000F1D9F /* Models */ = {
			isa = PBXGroup;
			children = (
				A3C6696F2AFA0C3E00B0AFCB /* Surveys */,
				A3F2FCD72AF86B18000E875B /* Login */,
				A3F2FCD52AF86785000E875B /* DataResponseModel.swift */,
			);
			path = Models;
			sourceTree = "<group>";
		};
		A3C6696C2AF9F9B700B0AFCB /* Clases */ = {
			isa = PBXGroup;
			children = (
				A3C6696D2AF9F9CA00B0AFCB /* KeychainManager.swift */,
			);
			path = Clases;
			sourceTree = "<group>";
		};
		A3C6696F2AFA0C3E00B0AFCB /* Surveys */ = {
			isa = PBXGroup;
			children = (
				A3C669702AFA0C5200B0AFCB /* SurveyListResponse.swift */,
			);
			path = Surveys;
			sourceTree = "<group>";
		};
		A3CA59902AFCA0BC00681B00 /* Fonts */ = {
			isa = PBXGroup;
			children = (
				A3CA59932AFCA32500681B00 /* NeuzeitSLTStd-BookHeavy.otf */,
				A3CA59912AFCA0F700681B00 /* NeuzeitSLTStd-Book.otf */,
			);
			path = Fonts;
			sourceTree = "<group>";
		};
		A3F2FCD02AF86052000E875B /* Extensions */ = {
			isa = PBXGroup;
			children = (
				A3F2FCD12AF86068000E875B /* Data+PrettyPrint.swift */,
			);
			path = Extensions;
			sourceTree = "<group>";
		};
		A3F2FCD72AF86B18000E875B /* Login */ = {
			isa = PBXGroup;
			children = (
				A317560A2AF85D15000F1D9F /* LoginResponse.swift */,
				A3F2FCD32AF866BA000E875B /* LoginRequest.swift */,
			);
			path = Login;
			sourceTree = "<group>";
		};
		A3F2FCDA2AF88970000E875B /* Views */ = {
			isa = PBXGroup;
			children = (
				A3F2FCDB2AF88988000E875B /* LoadingView.swift */,
				A3CA598E2AFC7BA400681B00 /* SurveyPageView.swift */,
			);
			path = Views;
			sourceTree = "<group>";
		};
/* End PBXGroup section */

/* Begin PBXNativeTarget section */
		A31755EB2AF6F08A000F1D9F /* TestNimble */ = {
			isa = PBXNativeTarget;
			buildConfigurationList = A31756002AF6F08C000F1D9F /* Build configuration list for PBXNativeTarget "TestNimble" */;
			buildPhases = (
				A31755E82AF6F08A000F1D9F /* Sources */,
				A31755E92AF6F08A000F1D9F /* Frameworks */,
				A31755EA2AF6F08A000F1D9F /* Resources */,
			);
			buildRules = (
			);
			dependencies = (
			);
			name = TestNimble;
			productName = TestNimble;
			productReference = A31755EC2AF6F08A000F1D9F /* TestNimble.app */;
			productType = "com.apple.product-type.application";
		};
/* End PBXNativeTarget section */

/* Begin PBXProject section */
		A31755E42AF6F08A000F1D9F /* Project object */ = {
			isa = PBXProject;
			attributes = {
				BuildIndependentTargetsInParallel = 1;
				LastSwiftUpdateCheck = 1500;
				LastUpgradeCheck = 1500;
				TargetAttributes = {
					A31755EB2AF6F08A000F1D9F = {
						CreatedOnToolsVersion = 15.0.1;
					};
				};
			};
			buildConfigurationList = A31755E72AF6F08A000F1D9F /* Build configuration list for PBXProject "TestNimble" */;
			compatibilityVersion = "Xcode 14.0";
			developmentRegion = en;
			hasScannedForEncodings = 0;
			knownRegions = (
				en,
				Base,
			);
			mainGroup = A31755E32AF6F08A000F1D9F;
			productRefGroup = A31755ED2AF6F08A000F1D9F /* Products */;
			projectDirPath = "";
			projectRoot = "";
			targets = (
				A31755EB2AF6F08A000F1D9F /* TestNimble */,
			);
		};
/* End PBXProject section */

/* Begin PBXResourcesBuildPhase section */
		A31755EA2AF6F08A000F1D9F /* Resources */ = {
			isa = PBXResourcesBuildPhase;
			buildActionMask = 2147483647;
			files = (
				A3CA59942AFCA32500681B00 /* NeuzeitSLTStd-BookHeavy.otf in Resources */,
				A31755FC2AF6F08C000F1D9F /* LaunchScreen.storyboard in Resources */,
				A31755F92AF6F08C000F1D9F /* Assets.xcassets in Resources */,
				A31755F72AF6F08A000F1D9F /* Main.storyboard in Resources */,
				A3CA59922AFCA0F700681B00 /* NeuzeitSLTStd-Book.otf in Resources */,
			);
			runOnlyForDeploymentPostprocessing = 0;
		};
/* End PBXResourcesBuildPhase section */

/* Begin PBXSourcesBuildPhase section */
		A31755E82AF6F08A000F1D9F /* Sources */ = {
			isa = PBXSourcesBuildPhase;
			buildActionMask = 2147483647;
			files = (
				A3C669712AFA0C5200B0AFCB /* SurveyListResponse.swift in Sources */,
				A3F2FCD62AF86785000E875B /* DataResponseModel.swift in Sources */,
				A31756082AF85864000F1D9F /* Network.swift in Sources */,
				A3F2FCD22AF86068000E875B /* Data+PrettyPrint.swift in Sources */,
				A3F2FCDC2AF88988000E875B /* LoadingView.swift in Sources */,
				A31755F42AF6F08A000F1D9F /* LoginViewController.swift in Sources */,
				A317560B2AF85D15000F1D9F /* LoginResponse.swift in Sources */,
				A3F2FCD92AF876E2000E875B /* APINimbleService.swift in Sources */,
				A3C6696E2AF9F9CA00B0AFCB /* KeychainManager.swift in Sources */,
				A3CA598F2AFC7BA400681B00 /* SurveyPageView.swift in Sources */,
				A31755F02AF6F08A000F1D9F /* AppDelegate.swift in Sources */,
				A31756042AF76B25000F1D9F /* SurveyListViewController.swift in Sources */,
				A31755F22AF6F08A000F1D9F /* SceneDelegate.swift in Sources */,
				A3F2FCD42AF866BA000E875B /* LoginRequest.swift in Sources */,
			);
			runOnlyForDeploymentPostprocessing = 0;
		};
/* End PBXSourcesBuildPhase section */

/* Begin PBXVariantGroup section */
		A31755F52AF6F08A000F1D9F /* Main.storyboard */ = {
			isa = PBXVariantGroup;
			children = (
				A31755F62AF6F08A000F1D9F /* Base */,
			);
			name = Main.storyboard;
			sourceTree = "<group>";
		};
		A31755FA2AF6F08C000F1D9F /* LaunchScreen.storyboard */ = {
			isa = PBXVariantGroup;
			children = (
				A31755FB2AF6F08C000F1D9F /* Base */,
			);
			name = LaunchScreen.storyboard;
			sourceTree = "<group>";
		};
/* End PBXVariantGroup section */

/* Begin XCBuildConfiguration section */
		A31755FE2AF6F08C000F1D9F /* Debug */ = {
			isa = XCBuildConfiguration;
			buildSettings = {
				ALWAYS_SEARCH_USER_PATHS = NO;
				ASSETCATALOG_COMPILER_GENERATE_SWIFT_ASSET_SYMBOL_EXTENSIONS = YES;
				CLANG_ANALYZER_NONNULL = YES;
				CLANG_ANALYZER_NUMBER_OBJECT_CONVERSION = YES_AGGRESSIVE;
				CLANG_CXX_LANGUAGE_STANDARD = "gnu++20";
				CLANG_ENABLE_MODULES = YES;
				CLANG_ENABLE_OBJC_ARC = YES;
				CLANG_ENABLE_OBJC_WEAK = YES;
				CLANG_WARN_BLOCK_CAPTURE_AUTORELEASING = YES;
				CLANG_WARN_BOOL_CONVERSION = YES;
				CLANG_WARN_COMMA = YES;
				CLANG_WARN_CONSTANT_CONVERSION = YES;
				CLANG_WARN_DEPRECATED_OBJC_IMPLEMENTATIONS = YES;
				CLANG_WARN_DIRECT_OBJC_ISA_USAGE = YES_ERROR;
				CLANG_WARN_DOCUMENTATION_COMMENTS = YES;
				CLANG_WARN_EMPTY_BODY = YES;
				CLANG_WARN_ENUM_CONVERSION = YES;
				CLANG_WARN_INFINITE_RECURSION = YES;
				CLANG_WARN_INT_CONVERSION = YES;
				CLANG_WARN_NON_LITERAL_NULL_CONVERSION = YES;
				CLANG_WARN_OBJC_IMPLICIT_RETAIN_SELF = YES;
				CLANG_WARN_OBJC_LITERAL_CONVERSION = YES;
				CLANG_WARN_OBJC_ROOT_CLASS = YES_ERROR;
				CLANG_WARN_QUOTED_INCLUDE_IN_FRAMEWORK_HEADER = YES;
				CLANG_WARN_RANGE_LOOP_ANALYSIS = YES;
				CLANG_WARN_STRICT_PROTOTYPES = YES;
				CLANG_WARN_SUSPICIOUS_MOVE = YES;
				CLANG_WARN_UNGUARDED_AVAILABILITY = YES_AGGRESSIVE;
				CLANG_WARN_UNREACHABLE_CODE = YES;
				CLANG_WARN__DUPLICATE_METHOD_MATCH = YES;
				COPY_PHASE_STRIP = NO;
				DEBUG_INFORMATION_FORMAT = dwarf;
				ENABLE_STRICT_OBJC_MSGSEND = YES;
				ENABLE_TESTABILITY = YES;
				ENABLE_USER_SCRIPT_SANDBOXING = YES;
				GCC_C_LANGUAGE_STANDARD = gnu17;
				GCC_DYNAMIC_NO_PIC = NO;
				GCC_NO_COMMON_BLOCKS = YES;
				GCC_OPTIMIZATION_LEVEL = 0;
				GCC_PREPROCESSOR_DEFINITIONS = (
					"DEBUG=1",
					"$(inherited)",
				);
				GCC_WARN_64_TO_32_BIT_CONVERSION = YES;
				GCC_WARN_ABOUT_RETURN_TYPE = YES_ERROR;
				GCC_WARN_UNDECLARED_SELECTOR = YES;
				GCC_WARN_UNINITIALIZED_AUTOS = YES_AGGRESSIVE;
				GCC_WARN_UNUSED_FUNCTION = YES;
				GCC_WARN_UNUSED_VARIABLE = YES;
				IPHONEOS_DEPLOYMENT_TARGET = 17.0;
				LOCALIZATION_PREFERS_STRING_CATALOGS = YES;
				MTL_ENABLE_DEBUG_INFO = INCLUDE_SOURCE;
				MTL_FAST_MATH = YES;
				ONLY_ACTIVE_ARCH = YES;
				SDKROOT = iphoneos;
				SWIFT_ACTIVE_COMPILATION_CONDITIONS = "DEBUG $(inherited)";
				SWIFT_OPTIMIZATION_LEVEL = "-Onone";
			};
			name = Debug;
		};
		A31755FF2AF6F08C000F1D9F /* Release */ = {
			isa = XCBuildConfiguration;
			buildSettings = {
				ALWAYS_SEARCH_USER_PATHS = NO;
				ASSETCATALOG_COMPILER_GENERATE_SWIFT_ASSET_SYMBOL_EXTENSIONS = YES;
				CLANG_ANALYZER_NONNULL = YES;
				CLANG_ANALYZER_NUMBER_OBJECT_CONVERSION = YES_AGGRESSIVE;
				CLANG_CXX_LANGUAGE_STANDARD = "gnu++20";
				CLANG_ENABLE_MODULES = YES;
				CLANG_ENABLE_OBJC_ARC = YES;
				CLANG_ENABLE_OBJC_WEAK = YES;
				CLANG_WARN_BLOCK_CAPTURE_AUTORELEASING = YES;
				CLANG_WARN_BOOL_CONVERSION = YES;
				CLANG_WARN_COMMA = YES;
				CLANG_WARN_CONSTANT_CONVERSION = YES;
				CLANG_WARN_DEPRECATED_OBJC_IMPLEMENTATIONS = YES;
				CLANG_WARN_DIRECT_OBJC_ISA_USAGE = YES_ERROR;
				CLANG_WARN_DOCUMENTATION_COMMENTS = YES;
				CLANG_WARN_EMPTY_BODY = YES;
				CLANG_WARN_ENUM_CONVERSION = YES;
				CLANG_WARN_INFINITE_RECURSION = YES;
				CLANG_WARN_INT_CONVERSION = YES;
				CLANG_WARN_NON_LITERAL_NULL_CONVERSION = YES;
				CLANG_WARN_OBJC_IMPLICIT_RETAIN_SELF = YES;
				CLANG_WARN_OBJC_LITERAL_CONVERSION = YES;
				CLANG_WARN_OBJC_ROOT_CLASS = YES_ERROR;
				CLANG_WARN_QUOTED_INCLUDE_IN_FRAMEWORK_HEADER = YES;
				CLANG_WARN_RANGE_LOOP_ANALYSIS = YES;
				CLANG_WARN_STRICT_PROTOTYPES = YES;
				CLANG_WARN_SUSPICIOUS_MOVE = YES;
				CLANG_WARN_UNGUARDED_AVAILABILITY = YES_AGGRESSIVE;
				CLANG_WARN_UNREACHABLE_CODE = YES;
				CLANG_WARN__DUPLICATE_METHOD_MATCH = YES;
				COPY_PHASE_STRIP = NO;
				DEBUG_INFORMATION_FORMAT = "dwarf-with-dsym";
				ENABLE_NS_ASSERTIONS = NO;
				ENABLE_STRICT_OBJC_MSGSEND = YES;
				ENABLE_USER_SCRIPT_SANDBOXING = YES;
				GCC_C_LANGUAGE_STANDARD = gnu17;
				GCC_NO_COMMON_BLOCKS = YES;
				GCC_WARN_64_TO_32_BIT_CONVERSION = YES;
				GCC_WARN_ABOUT_RETURN_TYPE = YES_ERROR;
				GCC_WARN_UNDECLARED_SELECTOR = YES;
				GCC_WARN_UNINITIALIZED_AUTOS = YES_AGGRESSIVE;
				GCC_WARN_UNUSED_FUNCTION = YES;
				GCC_WARN_UNUSED_VARIABLE = YES;
				IPHONEOS_DEPLOYMENT_TARGET = 17.0;
				LOCALIZATION_PREFERS_STRING_CATALOGS = YES;
				MTL_ENABLE_DEBUG_INFO = NO;
				MTL_FAST_MATH = YES;
				SDKROOT = iphoneos;
				SWIFT_COMPILATION_MODE = wholemodule;
				VALIDATE_PRODUCT = YES;
			};
			name = Release;
		};
		A31756012AF6F08C000F1D9F /* Debug */ = {
			isa = XCBuildConfiguration;
			buildSettings = {
				ASSETCATALOG_COMPILER_APPICON_NAME = AppIcon;
				ASSETCATALOG_COMPILER_GLOBAL_ACCENT_COLOR_NAME = AccentColor;
				CODE_SIGN_STYLE = Automatic;
				CURRENT_PROJECT_VERSION = 1;
				DEVELOPMENT_TEAM = 64C5X64RF7;
				GENERATE_INFOPLIST_FILE = YES;
				INFOPLIST_FILE = TestNimble/Info.plist;
				INFOPLIST_KEY_UIApplicationSupportsIndirectInputEvents = YES;
				INFOPLIST_KEY_UILaunchStoryboardName = LaunchScreen;
				INFOPLIST_KEY_UIMainStoryboardFile = Main;
				INFOPLIST_KEY_UISupportedInterfaceOrientations_iPad = "UIInterfaceOrientationPortrait UIInterfaceOrientationPortraitUpsideDown UIInterfaceOrientationLandscapeLeft UIInterfaceOrientationLandscapeRight";
				INFOPLIST_KEY_UISupportedInterfaceOrientations_iPhone = "UIInterfaceOrientationPortrait UIInterfaceOrientationLandscapeLeft UIInterfaceOrientationLandscapeRight";
				IPHONEOS_DEPLOYMENT_TARGET = 12.4;
				LD_RUNPATH_SEARCH_PATHS = (
					"$(inherited)",
					"@executable_path/Frameworks",
				);
				MARKETING_VERSION = 1.0;
				PRODUCT_BUNDLE_IDENTIFIER = com.aep.TestNimble;
				PRODUCT_NAME = "$(TARGET_NAME)";
				SWIFT_EMIT_LOC_STRINGS = YES;
				SWIFT_VERSION = 5.0;
				TARGETED_DEVICE_FAMILY = "1,2";
			};
			name = Debug;
		};
		A31756022AF6F08C000F1D9F /* Release */ = {
			isa = XCBuildConfiguration;
			buildSettings = {
				ASSETCATALOG_COMPILER_APPICON_NAME = AppIcon;
				ASSETCATALOG_COMPILER_GLOBAL_ACCENT_COLOR_NAME = AccentColor;
				CODE_SIGN_STYLE = Automatic;
				CURRENT_PROJECT_VERSION = 1;
				DEVELOPMENT_TEAM = 64C5X64RF7;
				GENERATE_INFOPLIST_FILE = YES;
				INFOPLIST_FILE = TestNimble/Info.plist;
				INFOPLIST_KEY_UIApplicationSupportsIndirectInputEvents = YES;
				INFOPLIST_KEY_UILaunchStoryboardName = LaunchScreen;
				INFOPLIST_KEY_UIMainStoryboardFile = Main;
				INFOPLIST_KEY_UISupportedInterfaceOrientations_iPad = "UIInterfaceOrientationPortrait UIInterfaceOrientationPortraitUpsideDown UIInterfaceOrientationLandscapeLeft UIInterfaceOrientationLandscapeRight";
				INFOPLIST_KEY_UISupportedInterfaceOrientations_iPhone = "UIInterfaceOrientationPortrait UIInterfaceOrientationLandscapeLeft UIInterfaceOrientationLandscapeRight";
				IPHONEOS_DEPLOYMENT_TARGET = 12.4;
				LD_RUNPATH_SEARCH_PATHS = (
					"$(inherited)",
					"@executable_path/Frameworks",
				);
				MARKETING_VERSION = 1.0;
				PRODUCT_BUNDLE_IDENTIFIER = com.aep.TestNimble;
				PRODUCT_NAME = "$(TARGET_NAME)";
				SWIFT_EMIT_LOC_STRINGS = YES;
				SWIFT_VERSION = 5.0;
				TARGETED_DEVICE_FAMILY = "1,2";
			};
			name = Release;
		};
/* End XCBuildConfiguration section */

/* Begin XCConfigurationList section */
		A31755E72AF6F08A000F1D9F /* Build configuration list for PBXProject "TestNimble" */ = {
			isa = XCConfigurationList;
			buildConfigurations = (
				A31755FE2AF6F08C000F1D9F /* Debug */,
				A31755FF2AF6F08C000F1D9F /* Release */,
			);
			defaultConfigurationIsVisible = 0;
			defaultConfigurationName = Release;
		};
		A31756002AF6F08C000F1D9F /* Build configuration list for PBXNativeTarget "TestNimble" */ = {
			isa = XCConfigurationList;
			buildConfigurations = (
				A31756012AF6F08C000F1D9F /* Debug */,
				A31756022AF6F08C000F1D9F /* Release */,
			);
			defaultConfigurationIsVisible = 0;
			defaultConfigurationName = Release;
		};
/* End XCConfigurationList section */
	};
	rootObject = A31755E42AF6F08A000F1D9F /* Project object */;
}
